{
  "name": "be-assets",
  "lockfileVersion": 3,
  "requires": true,
  "packages": {
    "": {
      "dependencies": {
        "elfinder-material-theme": "2.1.11",
        "jquery": "3.6.0",
        "jquery.repeater": "1.2.1",
        "js-tokens": "4.0.0",
        "loose-envify": "1.4.0",
        "nestable2": "1.6.0",
        "object-assign": "4.1.1",
        "prop-types": "^15.8.1",
        "react-is": "16.13.1"
      }
    },
    "node_modules/elfinder-material-theme": {
      "version": "2.1.11",
      "resolved": "https://registry.npmjs.org/elfinder-material-theme/-/elfinder-material-theme-2.1.11.tgz",
      "integrity": "sha512-zLS/bMdijCY0I/NG9et4cyZTEcV7rsnQL0G3THd5wIbuuGHHgtjZcfGPt//9DIzyhImeNNWMmhMUP4+9XrKpqg=="
    },
    "node_modules/jquery": {
      "version": "3.6.0",
      "resolved": "https://registry.npmjs.org/jquery/-/jquery-3.6.0.tgz",
      "integrity": "sha512-JVzAR/AjBvVt2BmYhxRCSYysDsPcssdmTFnzyLEts9qNwmjmu4JTAMYubEfwVOSwpQ1I1sKKFcxhZCI2buerfw=="
    },
    "node_modules/jquery.repeater": {
      "version": "1.2.1",
      "resolved": "https://registry.npmjs.org/jquery.repeater/-/jquery.repeater-1.2.1.tgz",
      "integrity": "sha512-OltR1Z1AwaOsCQFBbfe1h+RnxjAwLrBa9uYkOjuj6DvyEJx0alr0ToCvfbCX1CJqq4vOMfoZUSjjKXBVog0srw=="
    },
    "node_modules/js-tokens": {
      "version": "4.0.0",
      "resolved": "https://registry.npmjs.org/js-tokens/-/js-tokens-4.0.0.tgz",
      "integrity": "sha512-RdJUflcE3cUzKiMqQgsCu06FPu9UdIJO0beYbPhHN4k6apgJtifcoCtT9bcxOpYBtpD2kCM6Sbzg4CausW/PKQ=="
    },
    "node_modules/loose-envify": {
      "version": "1.4.0",
      "resolved": "https://registry.npmjs.org/loose-envify/-/loose-envify-1.4.0.tgz",
      "integrity": "sha512-lyuxPGr/Wfhrlem2CL/UcnUc1zcqKAImBDzukY7Y5F/yQiNdko6+fRLevlw1HgMySw7f611UIY408EtxRSoK3Q==",
      "dependencies": {
        "js-tokens": "^3.0.0 || ^4.0.0"
      },
      "bin": {
        "loose-envify": "cli.js"
      }
    },
    "node_modules/nestable2": {
      "version": "1.6.0",
      "resolved": "https://registry.npmjs.org/nestable2/-/nestable2-1.6.0.tgz",
      "integrity": "sha512-/jBy2FhAqik/yV1fYDqbP3OvGLb/wpjweg91UTzIREI+69hbqkKjJ9L+/FSBejYM0WMhvd2Q2p0+8XXetv0egA==",
      "dependencies": {
        "jquery": ">=1.7.2"
      }
    },
    "node_modules/object-assign": {
      "version": "4.1.1",
      "resolved": "https://registry.npmjs.org/object-assign/-/object-assign-4.1.1.tgz",
      "integrity": "sha512-rJgTQnkUnH1sFw8yT6VSU3zD3sWmu6sZhIseY8VX+GRu3P6F7Fu+JNDoXfklElbLJSnc3FUQHVe4cU5hj+BcUg==",
      "engines": {
        "node": ">=0.10.0"
      }
    },
    "node_modules/prop-types": {
      "version": "15.8.1",
      "resolved": "https://registry.npmjs.org/prop-types/-/prop-types-15.8.1.tgz",
      "integrity": "sha512-oj87CgZICdulUohogVAR7AjlC0327U4el4L6eAvOqCeudMDVU0NThNaV+b9Df4dXgSP1gXMTnPdhfe/2qDH5cg==",
      "dependencies": {
        "loose-envify": "^1.4.0",
        "object-assign": "^4.1.1",
        "react-is": "^16.13.1"
      }
    },
    "node_modules/react-is": {
      "version": "16.13.1",
      "resolved": "https://registry.npmjs.org/react-is/-/react-is-16.13.1.tgz",
      "integrity": "sha512-24e6ynE2H+OKt4kqsOvNd8kBpV65zoxbA4BVsEOB3ARVWQki/DHzaUoC5KuON/BiccDaCCTZBuOcfZs70kR8bQ=="
    }
  }
}
